// !$*UTF8*$!
{
	archiveVersion = 1;
	classes = {
	};
	objectVersion = 56;
	objects = {

/* Begin PBXBuildFile section */
		AA95FE4729B8311100777FBB /* AppDelegate.swift in Sources */ = {isa = PBXBuildFile; fileRef = AA95FE4629B8311100777FBB /* AppDelegate.swift */; };
		AA95FE4929B8311100777FBB /* SceneDelegate.swift in Sources */ = {isa = PBXBuildFile; fileRef = AA95FE4829B8311100777FBB /* SceneDelegate.swift */; };
		AA95FE4B29B8311100777FBB /* RMTabBarViewController.swift in Sources */ = {isa = PBXBuildFile; fileRef = AA95FE4A29B8311100777FBB /* RMTabBarViewController.swift */; };
		AA95FE5029B8311200777FBB /* Assets.xcassets in Resources */ = {isa = PBXBuildFile; fileRef = AA95FE4F29B8311200777FBB /* Assets.xcassets */; };
		AA95FE5329B8311200777FBB /* LaunchScreen.storyboard in Resources */ = {isa = PBXBuildFile; fileRef = AA95FE5129B8311200777FBB /* LaunchScreen.storyboard */; };
		AA95FE6229B85E6500777FBB /* RMLocation.swift in Sources */ = {isa = PBXBuildFile; fileRef = AA95FE6129B85E6500777FBB /* RMLocation.swift */; };
		AA95FE6429B85E7700777FBB /* RMCharacter.swift in Sources */ = {isa = PBXBuildFile; fileRef = AA95FE6329B85E7700777FBB /* RMCharacter.swift */; };
		AA95FE6629B85E9600777FBB /* RMEpisode.swift in Sources */ = {isa = PBXBuildFile; fileRef = AA95FE6529B85E9600777FBB /* RMEpisode.swift */; };
		AA95FE6929B85F4E00777FBB /* RMCharacterViewController.swift in Sources */ = {isa = PBXBuildFile; fileRef = AA95FE6829B85F4E00777FBB /* RMCharacterViewController.swift */; };
		AA95FE6B29B85F7F00777FBB /* RMLocationViewController.swift in Sources */ = {isa = PBXBuildFile; fileRef = AA95FE6A29B85F7F00777FBB /* RMLocationViewController.swift */; };
		AA95FE6D29B85FAC00777FBB /* RMEpisodeViewController.swift in Sources */ = {isa = PBXBuildFile; fileRef = AA95FE6C29B85FAC00777FBB /* RMEpisodeViewController.swift */; };
		AA95FE6F29B85FC900777FBB /* RMSettingsViewController.swift in Sources */ = {isa = PBXBuildFile; fileRef = AA95FE6E29B85FC900777FBB /* RMSettingsViewController.swift */; };
/* End PBXBuildFile section */

/* Begin PBXFileReference section */
		AA95FE4329B8311100777FBB /* YouTutorial1.app */ = {isa = PBXFileReference; explicitFileType = wrapper.application; includeInIndex = 0; path = YouTutorial1.app; sourceTree = BUILT_PRODUCTS_DIR; };
		AA95FE4629B8311100777FBB /* AppDelegate.swift */ = {isa = PBXFileReference; lastKnownFileType = sourcecode.swift; path = AppDelegate.swift; sourceTree = "<group>"; };
		AA95FE4829B8311100777FBB /* SceneDelegate.swift */ = {isa = PBXFileReference; lastKnownFileType = sourcecode.swift; path = SceneDelegate.swift; sourceTree = "<group>"; };
		AA95FE4A29B8311100777FBB /* RMTabBarViewController.swift */ = {isa = PBXFileReference; lastKnownFileType = sourcecode.swift; path = RMTabBarViewController.swift; sourceTree = "<group>"; };
		AA95FE4F29B8311200777FBB /* Assets.xcassets */ = {isa = PBXFileReference; lastKnownFileType = folder.assetcatalog; path = Assets.xcassets; sourceTree = "<group>"; };
		AA95FE5229B8311200777FBB /* Base */ = {isa = PBXFileReference; lastKnownFileType = file.storyboard; name = Base; path = Base.lproj/LaunchScreen.storyboard; sourceTree = "<group>"; };
		AA95FE5429B8311200777FBB /* Info.plist */ = {isa = PBXFileReference; lastKnownFileType = text.plist.xml; path = Info.plist; sourceTree = "<group>"; };
		AA95FE6129B85E6500777FBB /* RMLocation.swift */ = {isa = PBXFileReference; lastKnownFileType = sourcecode.swift; path = RMLocation.swift; sourceTree = "<group>"; };
		AA95FE6329B85E7700777FBB /* RMCharacter.swift */ = {isa = PBXFileReference; lastKnownFileType = sourcecode.swift; path = RMCharacter.swift; sourceTree = "<group>"; };
		AA95FE6529B85E9600777FBB /* RMEpisode.swift */ = {isa = PBXFileReference; lastKnownFileType = sourcecode.swift; path = RMEpisode.swift; sourceTree = "<group>"; };
		AA95FE6829B85F4E00777FBB /* RMCharacterViewController.swift */ = {isa = PBXFileReference; lastKnownFileType = sourcecode.swift; path = RMCharacterViewController.swift; sourceTree = "<group>"; };
		AA95FE6A29B85F7F00777FBB /* RMLocationViewController.swift */ = {isa = PBXFileReference; lastKnownFileType = sourcecode.swift; path = RMLocationViewController.swift; sourceTree = "<group>"; };
		AA95FE6C29B85FAC00777FBB /* RMEpisodeViewController.swift */ = {isa = PBXFileReference; lastKnownFileType = sourcecode.swift; path = RMEpisodeViewController.swift; sourceTree = "<group>"; };
		AA95FE6E29B85FC900777FBB /* RMSettingsViewController.swift */ = {isa = PBXFileReference; lastKnownFileType = sourcecode.swift; path = RMSettingsViewController.swift; sourceTree = "<group>"; };
/* End PBXFileReference section */

/* Begin PBXFrameworksBuildPhase section */
		AA95FE4029B8311100777FBB /* Frameworks */ = {
			isa = PBXFrameworksBuildPhase;
			buildActionMask = 2147483647;
			files = (
			);
			runOnlyForDeploymentPostprocessing = 0;
		};
/* End PBXFrameworksBuildPhase section */

/* Begin PBXGroup section */
		AA95FE3A29B8311100777FBB = {
			isa = PBXGroup;
			children = (
				AA95FE4529B8311100777FBB /* YouTutorial1 */,
				AA95FE4429B8311100777FBB /* Products */,
			);
			sourceTree = "<group>";
		};
		AA95FE4429B8311100777FBB /* Products */ = {
			isa = PBXGroup;
			children = (
				AA95FE4329B8311100777FBB /* YouTutorial1.app */,
			);
			name = Products;
			sourceTree = "<group>";
		};
		AA95FE4529B8311100777FBB /* YouTutorial1 */ = {
			isa = PBXGroup;
			children = (
				AA95FE6029B85DCA00777FBB /* Resources */,
				AA95FE5F29B85DAE00777FBB /* Managers */,
				AA95FE5E29B85D9900777FBB /* APIClient */,
				AA95FE5D29B8342400777FBB /* ViewModels */,
				AA95FE5C29B8341500777FBB /* Views */,
				AA95FE5B29B833F800777FBB /* Models */,
				AA95FE5A29B833D800777FBB /* Controllers */,
				AA95FE5129B8311200777FBB /* LaunchScreen.storyboard */,
				AA95FE5429B8311200777FBB /* Info.plist */,
			);
			path = YouTutorial1;
			sourceTree = "<group>";
		};
		AA95FE5A29B833D800777FBB /* Controllers */ = {
			isa = PBXGroup;
			children = (
				AA95FE6729B85EFF00777FBB /* Core */,
			);
			path = Controllers;
			sourceTree = "<group>";
		};
		AA95FE5B29B833F800777FBB /* Models */ = {
			isa = PBXGroup;
			children = (
				AA95FE6129B85E6500777FBB /* RMLocation.swift */,
				AA95FE6329B85E7700777FBB /* RMCharacter.swift */,
				AA95FE6529B85E9600777FBB /* RMEpisode.swift */,
			);
			path = Models;
			sourceTree = "<group>";
		};
		AA95FE5C29B8341500777FBB /* Views */ = {
			isa = PBXGroup;
			children = (
			);
			path = Views;
			sourceTree = "<group>";
		};
		AA95FE5D29B8342400777FBB /* ViewModels */ = {
			isa = PBXGroup;
			children = (
			);
			path = ViewModels;
			sourceTree = "<group>";
		};
		AA95FE5E29B85D9900777FBB /* APIClient */ = {
			isa = PBXGroup;
			children = (
			);
			path = APIClient;
			sourceTree = "<group>";
		};
		AA95FE5F29B85DAE00777FBB /* Managers */ = {
			isa = PBXGroup;
			children = (
			);
			path = Managers;
			sourceTree = "<group>";
		};
		AA95FE6029B85DCA00777FBB /* Resources */ = {
			isa = PBXGroup;
			children = (
				AA95FE4629B8311100777FBB /* AppDelegate.swift */,
				AA95FE4829B8311100777FBB /* SceneDelegate.swift */,
				AA95FE4F29B8311200777FBB /* Assets.xcassets */,
			);
			path = Resources;
			sourceTree = "<group>";
		};
		AA95FE6729B85EFF00777FBB /* Core */ = {
			isa = PBXGroup;
			children = (
				AA95FE4A29B8311100777FBB /* RMTabBarViewController.swift */,
				AA95FE6829B85F4E00777FBB /* RMCharacterViewController.swift */,
				AA95FE6A29B85F7F00777FBB /* RMLocationViewController.swift */,
				AA95FE6C29B85FAC00777FBB /* RMEpisodeViewController.swift */,
				AA95FE6E29B85FC900777FBB /* RMSettingsViewController.swift */,
			);
			path = Core;
			sourceTree = "<group>";
		};
/* End PBXGroup section */

/* Begin PBXNativeTarget section */
		AA95FE4229B8311100777FBB /* YouTutorial1 */ = {
			isa = PBXNativeTarget;
			buildConfigurationList = AA95FE5729B8311200777FBB /* Build configuration list for PBXNativeTarget "YouTutorial1" */;
			buildPhases = (
				AA95FE3F29B8311100777FBB /* Sources */,
				AA95FE4029B8311100777FBB /* Frameworks */,
				AA95FE4129B8311100777FBB /* Resources */,
			);
			buildRules = (
			);
			dependencies = (
			);
			name = YouTutorial1;
			productName = YouTutorial1;
			productReference = AA95FE4329B8311100777FBB /* YouTutorial1.app */;
			productType = "com.apple.product-type.application";
		};
/* End PBXNativeTarget section */

/* Begin PBXProject section */
		AA95FE3B29B8311100777FBB /* Project object */ = {
			isa = PBXProject;
			attributes = {
				BuildIndependentTargetsInParallel = 1;
				LastSwiftUpdateCheck = 1420;
				LastUpgradeCheck = 1420;
				TargetAttributes = {
					AA95FE4229B8311100777FBB = {
						CreatedOnToolsVersion = 14.2;
					};
				};
			};
			buildConfigurationList = AA95FE3E29B8311100777FBB /* Build configuration list for PBXProject "YouTutorial1" */;
			compatibilityVersion = "Xcode 14.0";
			developmentRegion = en;
			hasScannedForEncodings = 0;
			knownRegions = (
				en,
				Base,
			);
			mainGroup = AA95FE3A29B8311100777FBB;
			productRefGroup = AA95FE4429B8311100777FBB /* Products */;
			projectDirPath = "";
			projectRoot = "";
			targets = (
				AA95FE4229B8311100777FBB /* YouTutorial1 */,
			);
		};
/* End PBXProject section */

/* Begin PBXResourcesBuildPhase section */
		AA95FE4129B8311100777FBB /* Resources */ = {
			isa = PBXResourcesBuildPhase;
			buildActionMask = 2147483647;
			files = (
				AA95FE5329B8311200777FBB /* LaunchScreen.storyboard in Resources */,
				AA95FE5029B8311200777FBB /* Assets.xcassets in Resources */,
			);
			runOnlyForDeploymentPostprocessing = 0;
		};
/* End PBXResourcesBuildPhase section */

/* Begin PBXSourcesBuildPhase section */
		AA95FE3F29B8311100777FBB /* Sources */ = {
			isa = PBXSourcesBuildPhase;
			buildActionMask = 2147483647;
			files = (
				AA95FE6B29B85F7F00777FBB /* RMLocationViewController.swift in Sources */,
				AA95FE6629B85E9600777FBB /* RMEpisode.swift in Sources */,
				AA95FE4B29B8311100777FBB /* RMTabBarViewController.swift in Sources */,
				AA95FE6D29B85FAC00777FBB /* RMEpisodeViewController.swift in Sources */,
				AA95FE4729B8311100777FBB /* AppDelegate.swift in Sources */,
				AA95FE4929B8311100777FBB /* SceneDelegate.swift in Sources */,
				AA95FE6F29B85FC900777FBB /* RMSettingsViewController.swift in Sources */,
				AA95FE6229B85E6500777FBB /* RMLocation.swift in Sources */,
				AA95FE6429B85E7700777FBB /* RMCharacter.swift in Sources */,
				AA95FE6929B85F4E00777FBB /* RMCharacterViewController.swift in Sources */,
			);
			runOnlyForDeploymentPostprocessing = 0;
		};
/* End PBXSourcesBuildPhase section */

/* Begin PBXVariantGroup section */
		AA95FE5129B8311200777FBB /* LaunchScreen.storyboard */ = {
			isa = PBXVariantGroup;
			children = (
				AA95FE5229B8311200777FBB /* Base */,
			);
			name = LaunchScreen.storyboard;
			sourceTree = "<group>";
		};
/* End PBXVariantGroup section */

/* Begin XCBuildConfiguration section */
		AA95FE5529B8311200777FBB /* Debug */ = {
			isa = XCBuildConfiguration;
			buildSettings = {
				ALWAYS_SEARCH_USER_PATHS = NO;
				CLANG_ANALYZER_NONNULL = YES;
				CLANG_ANALYZER_NUMBER_OBJECT_CONVERSION = YES_AGGRESSIVE;
				CLANG_CXX_LANGUAGE_STANDARD = "gnu++20";
				CLANG_ENABLE_MODULES = YES;
				CLANG_ENABLE_OBJC_ARC = YES;
				CLANG_ENABLE_OBJC_WEAK = YES;
				CLANG_WARN_BLOCK_CAPTURE_AUTORELEASING = YES;
				CLANG_WARN_BOOL_CONVERSION = YES;
				CLANG_WARN_COMMA = YES;
				CLANG_WARN_CONSTANT_CONVERSION = YES;
				CLANG_WARN_DEPRECATED_OBJC_IMPLEMENTATIONS = YES;
				CLANG_WARN_DIRECT_OBJC_ISA_USAGE = YES_ERROR;
				CLANG_WARN_DOCUMENTATION_COMMENTS = YES;
				CLANG_WARN_EMPTY_BODY = YES;
				CLANG_WARN_ENUM_CONVERSION = YES;
				CLANG_WARN_INFINITE_RECURSION = YES;
				CLANG_WARN_INT_CONVERSION = YES;
				CLANG_WARN_NON_LITERAL_NULL_CONVERSION = YES;
				CLANG_WARN_OBJC_IMPLICIT_RETAIN_SELF = YES;
				CLANG_WARN_OBJC_LITERAL_CONVERSION = YES;
				CLANG_WARN_OBJC_ROOT_CLASS = YES_ERROR;
				CLANG_WARN_QUOTED_INCLUDE_IN_FRAMEWORK_HEADER = YES;
				CLANG_WARN_RANGE_LOOP_ANALYSIS = YES;
				CLANG_WARN_STRICT_PROTOTYPES = YES;
				CLANG_WARN_SUSPICIOUS_MOVE = YES;
				CLANG_WARN_UNGUARDED_AVAILABILITY = YES_AGGRESSIVE;
				CLANG_WARN_UNREACHABLE_CODE = YES;
				CLANG_WARN__DUPLICATE_METHOD_MATCH = YES;
				COPY_PHASE_STRIP = NO;
				DEBUG_INFORMATION_FORMAT = dwarf;
				ENABLE_STRICT_OBJC_MSGSEND = YES;
				ENABLE_TESTABILITY = YES;
				GCC_C_LANGUAGE_STANDARD = gnu11;
				GCC_DYNAMIC_NO_PIC = NO;
				GCC_NO_COMMON_BLOCKS = YES;
				GCC_OPTIMIZATION_LEVEL = 0;
				GCC_PREPROCESSOR_DEFINITIONS = (
					"DEBUG=1",
					"$(inherited)",
				);
				GCC_WARN_64_TO_32_BIT_CONVERSION = YES;
				GCC_WARN_ABOUT_RETURN_TYPE = YES_ERROR;
				GCC_WARN_UNDECLARED_SELECTOR = YES;
				GCC_WARN_UNINITIALIZED_AUTOS = YES_AGGRESSIVE;
				GCC_WARN_UNUSED_FUNCTION = YES;
				GCC_WARN_UNUSED_VARIABLE = YES;
				IPHONEOS_DEPLOYMENT_TARGET = 16.2;
				MTL_ENABLE_DEBUG_INFO = INCLUDE_SOURCE;
				MTL_FAST_MATH = YES;
				ONLY_ACTIVE_ARCH = YES;
				SDKROOT = iphoneos;
				SWIFT_ACTIVE_COMPILATION_CONDITIONS = DEBUG;
				SWIFT_OPTIMIZATION_LEVEL = "-Onone";
			};
			name = Debug;
		};
		AA95FE5629B8311200777FBB /* Release */ = {
			isa = XCBuildConfiguration;
			buildSettings = {
				ALWAYS_SEARCH_USER_PATHS = NO;
				CLANG_ANALYZER_NONNULL = YES;
				CLANG_ANALYZER_NUMBER_OBJECT_CONVERSION = YES_AGGRESSIVE;
				CLANG_CXX_LANGUAGE_STANDARD = "gnu++20";
				CLANG_ENABLE_MODULES = YES;
				CLANG_ENABLE_OBJC_ARC = YES;
				CLANG_ENABLE_OBJC_WEAK = YES;
				CLANG_WARN_BLOCK_CAPTURE_AUTORELEASING = YES;
				CLANG_WARN_BOOL_CONVERSION = YES;
				CLANG_WARN_COMMA = YES;
				CLANG_WARN_CONSTANT_CONVERSION = YES;
				CLANG_WARN_DEPRECATED_OBJC_IMPLEMENTATIONS = YES;
				CLANG_WARN_DIRECT_OBJC_ISA_USAGE = YES_ERROR;
				CLANG_WARN_DOCUMENTATION_COMMENTS = YES;
				CLANG_WARN_EMPTY_BODY = YES;
				CLANG_WARN_ENUM_CONVERSION = YES;
				CLANG_WARN_INFINITE_RECURSION = YES;
				CLANG_WARN_INT_CONVERSION = YES;
				CLANG_WARN_NON_LITERAL_NULL_CONVERSION = YES;
				CLANG_WARN_OBJC_IMPLICIT_RETAIN_SELF = YES;
				CLANG_WARN_OBJC_LITERAL_CONVERSION = YES;
				CLANG_WARN_OBJC_ROOT_CLASS = YES_ERROR;
				CLANG_WARN_QUOTED_INCLUDE_IN_FRAMEWORK_HEADER = YES;
				CLANG_WARN_RANGE_LOOP_ANALYSIS = YES;
				CLANG_WARN_STRICT_PROTOTYPES = YES;
				CLANG_WARN_SUSPICIOUS_MOVE = YES;
				CLANG_WARN_UNGUARDED_AVAILABILITY = YES_AGGRESSIVE;
				CLANG_WARN_UNREACHABLE_CODE = YES;
				CLANG_WARN__DUPLICATE_METHOD_MATCH = YES;
				COPY_PHASE_STRIP = NO;
				DEBUG_INFORMATION_FORMAT = "dwarf-with-dsym";
				ENABLE_NS_ASSERTIONS = NO;
				ENABLE_STRICT_OBJC_MSGSEND = YES;
				GCC_C_LANGUAGE_STANDARD = gnu11;
				GCC_NO_COMMON_BLOCKS = YES;
				GCC_WARN_64_TO_32_BIT_CONVERSION = YES;
				GCC_WARN_ABOUT_RETURN_TYPE = YES_ERROR;
				GCC_WARN_UNDECLARED_SELECTOR = YES;
				GCC_WARN_UNINITIALIZED_AUTOS = YES_AGGRESSIVE;
				GCC_WARN_UNUSED_FUNCTION = YES;
				GCC_WARN_UNUSED_VARIABLE = YES;
				IPHONEOS_DEPLOYMENT_TARGET = 16.2;
				MTL_ENABLE_DEBUG_INFO = NO;
				MTL_FAST_MATH = YES;
				SDKROOT = iphoneos;
				SWIFT_COMPILATION_MODE = wholemodule;
				SWIFT_OPTIMIZATION_LEVEL = "-O";
				VALIDATE_PRODUCT = YES;
			};
			name = Release;
		};
		AA95FE5829B8311200777FBB /* Debug */ = {
			isa = XCBuildConfiguration;
			buildSettings = {
				ASSETCATALOG_COMPILER_APPICON_NAME = AppIcon;
				ASSETCATALOG_COMPILER_GLOBAL_ACCENT_COLOR_NAME = AccentColor;
				CODE_SIGN_STYLE = Automatic;
				CURRENT_PROJECT_VERSION = 1;
				DEVELOPMENT_TEAM = XX9RAT5V6K;
				GENERATE_INFOPLIST_FILE = YES;
				INFOPLIST_FILE = YouTutorial1/Info.plist;
				INFOPLIST_KEY_UIApplicationSupportsIndirectInputEvents = YES;
				INFOPLIST_KEY_UILaunchStoryboardName = LaunchScreen;
				INFOPLIST_KEY_UISupportedInterfaceOrientations_iPad = "UIInterfaceOrientationPortrait UIInterfaceOrientationPortraitUpsideDown UIInterfaceOrientationLandscapeLeft UIInterfaceOrientationLandscapeRight";
				INFOPLIST_KEY_UISupportedInterfaceOrientations_iPhone = "UIInterfaceOrientationPortrait UIInterfaceOrientationLandscapeLeft UIInterfaceOrientationLandscapeRight";
				LD_RUNPATH_SEARCH_PATHS = (
					"$(inherited)",
					"@executable_path/Frameworks",
				);
				MARKETING_VERSION = 1.0;
				PRODUCT_BUNDLE_IDENTIFIER = com.brucefraser.YouTutorial1;
				PRODUCT_NAME = "$(TARGET_NAME)";
				SWIFT_EMIT_LOC_STRINGS = YES;
				SWIFT_VERSION = 5.0;
				TARGETED_DEVICE_FAMILY = "1,2";
			};
			name = Debug;
		};
		AA95FE5929B8311200777FBB /* Release */ = {
			isa = XCBuildConfiguration;
			buildSettings = {
				ASSETCATALOG_COMPILER_APPICON_NAME = AppIcon;
				ASSETCATALOG_COMPILER_GLOBAL_ACCENT_COLOR_NAME = AccentColor;
				CODE_SIGN_STYLE = Automatic;
				CURRENT_PROJECT_VERSION = 1;
				DEVELOPMENT_TEAM = XX9RAT5V6K;
				GENERATE_INFOPLIST_FILE = YES;
				INFOPLIST_FILE = YouTutorial1/Info.plist;
				INFOPLIST_KEY_UIApplicationSupportsIndirectInputEvents = YES;
				INFOPLIST_KEY_UILaunchStoryboardName = LaunchScreen;
				INFOPLIST_KEY_UISupportedInterfaceOrientations_iPad = "UIInterfaceOrientationPortrait UIInterfaceOrientationPortraitUpsideDown UIInterfaceOrientationLandscapeLeft UIInterfaceOrientationLandscapeRight";
				INFOPLIST_KEY_UISupportedInterfaceOrientations_iPhone = "UIInterfaceOrientationPortrait UIInterfaceOrientationLandscapeLeft UIInterfaceOrientationLandscapeRight";
				LD_RUNPATH_SEARCH_PATHS = (
					"$(inherited)",
					"@executable_path/Frameworks",
				);
				MARKETING_VERSION = 1.0;
				PRODUCT_BUNDLE_IDENTIFIER = com.brucefraser.YouTutorial1;
				PRODUCT_NAME = "$(TARGET_NAME)";
				SWIFT_EMIT_LOC_STRINGS = YES;
				SWIFT_VERSION = 5.0;
				TARGETED_DEVICE_FAMILY = "1,2";
			};
			name = Release;
		};
/* End XCBuildConfiguration section */

/* Begin XCConfigurationList section */
		AA95FE3E29B8311100777FBB /* Build configuration list for PBXProject "YouTutorial1" */ = {
			isa = XCConfigurationList;
			buildConfigurations = (
				AA95FE5529B8311200777FBB /* Debug */,
				AA95FE5629B8311200777FBB /* Release */,
			);
			defaultConfigurationIsVisible = 0;
			defaultConfigurationName = Release;
		};
		AA95FE5729B8311200777FBB /* Build configuration list for PBXNativeTarget "YouTutorial1" */ = {
			isa = XCConfigurationList;
			buildConfigurations = (
				AA95FE5829B8311200777FBB /* Debug */,
				AA95FE5929B8311200777FBB /* Release */,
			);
			defaultConfigurationIsVisible = 0;
			defaultConfigurationName = Release;
		};
/* End XCConfigurationList section */
	};
	rootObject = AA95FE3B29B8311100777FBB /* Project object */;
}
